
Microsoft Visual Studio Solution File, Format Version 12.00
# Visual Studio Version 17
VisualStudioVersion = 17.8.34330.188
MinimumVisualStudioVersion = 10.0.40219.1
Project("{FAE04EC0-301F-11D3-BF4B-00C04F79EFBC}") = "Convert custom PDF page to SkiaSharp.SKBitmap", "Convert custom PDF page to SkiaSharp.SKBitmap.csproj", "{B1FA76E8-5D0D-4079-8139-43616185D5DB}"
EndProject
Global
	GlobalSection(SolutionConfigurationPlatforms) = preSolution
		Debug|Any CPU = Debug|Any CPU
		Release|Any CPU = Release|Any CPU
	EndGlobalSection
	GlobalSection(ProjectConfigurationPlatforms) = postSolution
		{B1FA76E8-5D0D-4079-8139-43616185D5DB}.Debug|Any CPU.ActiveCfg = Debug|Any CPU
		{B1FA76E8-5D0D-4079-8139-43616185D5DB}.Debug|Any CPU.Build.0 = Debug|Any CPU
		{B1FA76E8-5D0D-4079-8139-43616185D5DB}.Release|Any CPU.ActiveCfg = Release|Any CPU
		{B1FA76E8-5D0D-4079-8139-43616185D5DB}.Release|Any CPU.Build.0 = Release|Any CPU
	EndGlobalSection
	GlobalSection(SolutionProperties) = preSolution
		HideSolutionNode = FALSE
	EndGlobalSection
	GlobalSection(ExtensibilityGlobals) = postSolution
		SolutionGuid = {0AD499CD-6D84-444C-A898-EF27A56D7557}
	EndGlobalSection
EndGlobal
